{
  "name": "pistis_project_continuous-integration-and-continuous-deployment-ci-cd-",
  "version": "1.0.0",
  "lockfileVersion": 3,
  "requires": true,
  "packages": {
    "": {
      "name": "pistis_project_continuous-integration-and-continuous-deployment-ci-cd-",
      "version": "1.0.0",
      "license": "ISC"
    }
  }
}
